
Microsoft Visual Studio Solution File, Format Version 12.00
# Visual Studio Version 17
VisualStudioVersion = 17.14.36414.22 d17.14
MinimumVisualStudioVersion = 10.0.40219.1
Project("{FAE04EC0-301F-11D3-BF4B-00C04F79EFBC}") = "BurnoutWatcherMonitor", "BurnoutWatcherMonitor\BurnoutWatcherMonitor.csproj", "{FABF66AE-8644-43BF-98CC-A1C0C0F816ED}"
EndProject
Global
	GlobalSection(SolutionConfigurationPlatforms) = preSolution
		Debug|Any CPU = Debug|Any CPU
		Release|Any CPU = Release|Any CPU
	EndGlobalSection
	GlobalSection(ProjectConfigurationPlatforms) = postSolution
		{FABF66AE-8644-43BF-98CC-A1C0C0F816ED}.Debug|Any CPU.ActiveCfg = Debug|Any CPU
		{FABF66AE-8644-43BF-98CC-A1C0C0F816ED}.Debug|Any CPU.Build.0 = Debug|Any CPU
		{FABF66AE-8644-43BF-98CC-A1C0C0F816ED}.Release|Any CPU.ActiveCfg = Release|Any CPU
		{FABF66AE-8644-43BF-98CC-A1C0C0F816ED}.Release|Any CPU.Build.0 = Release|Any CPU
	EndGlobalSection
	GlobalSection(SolutionProperties) = preSolution
		HideSolutionNode = FALSE
	EndGlobalSection
	GlobalSection(ExtensibilityGlobals) = postSolution
		SolutionGuid = {021A528D-A5C6-40A4-9797-E3789E801583}
	EndGlobalSection
EndGlobal
